
Microsoft Visual Studio Solution File, Format Version 12.00
# Visual Studio Version 17
VisualStudioVersion = 17.3.32825.248
MinimumVisualStudioVersion = 10.0.40219.1
Project("{FAE04EC0-301F-11D3-BF4B-00C04F79EFBC}") = "ListView.Android", "ListView\ListView.Android\ListView.Android.csproj", "{FA7F7B75-C7CD-4CD7-919A-097B90E63928}"
EndProject
Project("{FAE04EC0-301F-11D3-BF4B-00C04F79EFBC}") = "ListView", "ListView\ListView\ListView.csproj", "{4BBD435F-F357-4601-B5CD-F5DCE9186AB2}"
EndProject
Global
	GlobalSection(SolutionConfigurationPlatforms) = preSolution
		Debug|Any CPU = Debug|Any CPU
		Release|Any CPU = Release|Any CPU
	EndGlobalSection
	GlobalSection(ProjectConfigurationPlatforms) = postSolution
		{FA7F7B75-C7CD-4CD7-919A-097B90E63928}.Debug|Any CPU.ActiveCfg = Debug|Any CPU
		{FA7F7B75-C7CD-4CD7-919A-097B90E63928}.Debug|Any CPU.Build.0 = Debug|Any CPU
		{FA7F7B75-C7CD-4CD7-919A-097B90E63928}.Debug|Any CPU.Deploy.0 = Debug|Any CPU
		{FA7F7B75-C7CD-4CD7-919A-097B90E63928}.Release|Any CPU.ActiveCfg = Release|Any CPU
		{FA7F7B75-C7CD-4CD7-919A-097B90E63928}.Release|Any CPU.Build.0 = Release|Any CPU
		{FA7F7B75-C7CD-4CD7-919A-097B90E63928}.Release|Any CPU.Deploy.0 = Release|Any CPU
		{4BBD435F-F357-4601-B5CD-F5DCE9186AB2}.Debug|Any CPU.ActiveCfg = Debug|Any CPU
		{4BBD435F-F357-4601-B5CD-F5DCE9186AB2}.Debug|Any CPU.Build.0 = Debug|Any CPU
		{4BBD435F-F357-4601-B5CD-F5DCE9186AB2}.Debug|Any CPU.Deploy.0 = Debug|Any CPU
		{4BBD435F-F357-4601-B5CD-F5DCE9186AB2}.Release|Any CPU.ActiveCfg = Release|Any CPU
		{4BBD435F-F357-4601-B5CD-F5DCE9186AB2}.Release|Any CPU.Build.0 = Release|Any CPU
		{4BBD435F-F357-4601-B5CD-F5DCE9186AB2}.Release|Any CPU.Deploy.0 = Release|Any CPU
	EndGlobalSection
	GlobalSection(SolutionProperties) = preSolution
		HideSolutionNode = FALSE
	EndGlobalSection
	GlobalSection(ExtensibilityGlobals) = postSolution
		SolutionGuid = {0262BA11-96CE-466F-95C7-AE6253900AB1}
	EndGlobalSection
EndGlobal
